{
  "format_version": "1.2",
  "terraform_version": "1.13.4",
  "variables": {
    "AWS_ACCESS_KEY_ID": {
      "value": "***"
    },
    "AWS_SECRET_ACCESS_KEY": {
      "value": "***"
    }
  },
  "planned_values": {
    "root_module": {
      "resources": [
        {
          "address": "aws_lightsail_instance.watchit-test",
          "mode": "managed",
          "type": "aws_lightsail_instance",
          "name": "watchit-test",
          "provider_name": "registry.terraform.io/hashicorp/aws",
          "schema_version": 0,
          "values": {
            "add_on": [],
            "availability_zone": "eu-central-1",
            "blueprint_id": "amazon_linux_2023",
            "bundle_id": "small_3_0",
            "ip_address_type": "dualstack",
            "key_pair_name": null,
            "name": "watchit-test",
            "region": "eu-central-1",
            "tags": null,
            "user_data": null
          },
          "sensitive_values": {
            "add_on": [],
            "ipv6_addresses": [],
            "tags_all": {}
          }
        }
      ]
    }
  },
  "resource_changes": [
    {
      "address": "aws_lightsail_instance.watchit-test",
      "mode": "managed",
      "type": "aws_lightsail_instance",
      "name": "watchit-test",
      "provider_name": "registry.terraform.io/hashicorp/aws",
      "change": {
        "actions": [
          "create"
        ],
        "before": null,
        "after": {
          "add_on": [],
          "availability_zone": "eu-central-1",
          "blueprint_id": "amazon_linux_2023",
          "bundle_id": "small_3_0",
          "ip_address_type": "dualstack",
          "key_pair_name": null,
          "name": "watchit-test",
          "region": "eu-central-1",
          "tags": null,
          "user_data": null
        },
        "after_unknown": {
          "add_on": [],
          "arn": true,
          "cpu_count": true,
          "created_at": true,
          "id": true,
          "ipv6_addresses": true,
          "is_static_ip": true,
          "private_ip_address": true,
          "public_ip_address": true,
          "ram_size": true,
          "tags_all": true,
          "username": true
        },
        "before_sensitive": false,
        "after_sensitive": {
          "add_on": [],
          "ipv6_addresses": [],
          "tags_all": {}
        }
      }
    }
  ],
  "configuration": {
    "provider_config": {
      "aws": {
        "name": "aws",
        "full_name": "registry.terraform.io/hashicorp/aws",
        "version_constraint": "6.17.0",
        "expressions": {
          "region": {
            "constant_value": "eu-central-1"
          }
        }
      }
    },
    "root_module": {
      "resources": [
        {
          "address": "aws_lightsail_instance.watchit-test",
          "mode": "managed",
          "type": "aws_lightsail_instance",
          "name": "watchit-test",
          "provider_config_key": "aws",
          "expressions": {
            "availability_zone": {
              "constant_value": "eu-central-1"
            },
            "blueprint_id": {
              "constant_value": "amazon_linux_2023"
            },
            "bundle_id": {
              "constant_value": "small_3_0"
            },
            "name": {
              "constant_value": "watchit-test"
            }
          },
          "schema_version": 0
        }
      ],
      "variables": {
        "AWS_ACCESS_KEY_ID": {
          "sensitive": true
        },
        "AWS_SECRET_ACCESS_KEY": {
          "sensitive": true
        }
      }
    }
  },
  "timestamp": "2025-10-22T18:00:25Z",
  "applyable": true,
  "complete": true,
  "errored": false
}